
Microsoft Visual Studio Solution File, Format Version 12.00
# Visual Studio Version 16
VisualStudioVersion = 16.0.30011.22
MinimumVisualStudioVersion = 10.0.40219.1
Project("{FAE04EC0-301F-11D3-BF4B-00C04F79EFBC}") = "ConsoleApp1", "ConsoleApp1\ConsoleApp1.csproj", "{C80802DE-1C8F-4B70-83C5-861DC6F422D7}"
EndProject
Global
	GlobalSection(SolutionConfigurationPlatforms) = preSolution
		Debug|Any CPU = Debug|Any CPU
		Release|Any CPU = Release|Any CPU
	EndGlobalSection
	GlobalSection(ProjectConfigurationPlatforms) = postSolution
		{C80802DE-1C8F-4B70-83C5-861DC6F422D7}.Debug|Any CPU.ActiveCfg = Debug|Any CPU
		{C80802DE-1C8F-4B70-83C5-861DC6F422D7}.Debug|Any CPU.Build.0 = Debug|Any CPU
		{C80802DE-1C8F-4B70-83C5-861DC6F422D7}.Release|Any CPU.ActiveCfg = Release|Any CPU
		{C80802DE-1C8F-4B70-83C5-861DC6F422D7}.Release|Any CPU.Build.0 = Release|Any CPU
	EndGlobalSection
	GlobalSection(SolutionProperties) = preSolution
		HideSolutionNode = FALSE
	EndGlobalSection
	GlobalSection(ExtensibilityGlobals) = postSolution
		SolutionGuid = {6F78FF9E-46EE-4419-99F6-D3E5C1F77613}
	EndGlobalSection
EndGlobal
